
Microsoft Visual Studio Solution File, Format Version 12.00
# Visual Studio Version 17
VisualStudioVersion = 17.7.34031.279
MinimumVisualStudioVersion = 10.0.40219.1
Project("{FAE04EC0-301F-11D3-BF4B-00C04F79EFBC}") = "Sana04", "Sana04\Sana04.csproj", "{F9C4CC06-402C-4442-9B86-C5EE48886DE0}"
EndProject
Global
	GlobalSection(SolutionConfigurationPlatforms) = preSolution
		Debug|Any CPU = Debug|Any CPU
		Release|Any CPU = Release|Any CPU
	EndGlobalSection
	GlobalSection(ProjectConfigurationPlatforms) = postSolution
		{F9C4CC06-402C-4442-9B86-C5EE48886DE0}.Debug|Any CPU.ActiveCfg = Debug|Any CPU
		{F9C4CC06-402C-4442-9B86-C5EE48886DE0}.Debug|Any CPU.Build.0 = Debug|Any CPU
		{F9C4CC06-402C-4442-9B86-C5EE48886DE0}.Release|Any CPU.ActiveCfg = Release|Any CPU
		{F9C4CC06-402C-4442-9B86-C5EE48886DE0}.Release|Any CPU.Build.0 = Release|Any CPU
	EndGlobalSection
	GlobalSection(SolutionProperties) = preSolution
		HideSolutionNode = FALSE
	EndGlobalSection
	GlobalSection(ExtensibilityGlobals) = postSolution
		SolutionGuid = {0571C9B7-CBD1-44FF-B79A-81FB9178CE25}
	EndGlobalSection
EndGlobal
